
Microsoft Visual Studio Solution File, Format Version 11.00
# Visual Studio 2010
Project("{FAE04EC0-301F-11D3-BF4B-00C04F79EFBC}") = "Furniture AR", "Assembly-CSharp.csproj", "{F312CF24-7994-8063-0172-83FBE2DD9D05}"
EndProject
Project("{FAE04EC0-301F-11D3-BF4B-00C04F79EFBC}") = "Furniture AR", "Assembly-CSharp-Editor-firstpass.csproj", "{7F65CAA2-50D8-48CD-4C75-5F2687353002}"
EndProject
Project("{FAE04EC0-301F-11D3-BF4B-00C04F79EFBC}") = "Furniture AR", "Assembly-CSharp-Editor.csproj", "{4E7609AB-B9FE-540B-D49B-49F94CEF4824}"
EndProject
Global
	GlobalSection(SolutionConfigurationPlatforms) = preSolution
		Debug|Any CPU = Debug|Any CPU
		Release|Any CPU = Release|Any CPU
	EndGlobalSection
	GlobalSection(ProjectConfigurationPlatforms) = postSolution
		{F312CF24-7994-8063-0172-83FBE2DD9D05}.Debug|Any CPU.ActiveCfg = Debug|Any CPU
		{F312CF24-7994-8063-0172-83FBE2DD9D05}.Debug|Any CPU.Build.0 = Debug|Any CPU
		{F312CF24-7994-8063-0172-83FBE2DD9D05}.Release|Any CPU.ActiveCfg = Release|Any CPU
		{F312CF24-7994-8063-0172-83FBE2DD9D05}.Release|Any CPU.Build.0 = Release|Any CPU
		{7F65CAA2-50D8-48CD-4C75-5F2687353002}.Debug|Any CPU.ActiveCfg = Debug|Any CPU
		{7F65CAA2-50D8-48CD-4C75-5F2687353002}.Debug|Any CPU.Build.0 = Debug|Any CPU
		{7F65CAA2-50D8-48CD-4C75-5F2687353002}.Release|Any CPU.ActiveCfg = Release|Any CPU
		{7F65CAA2-50D8-48CD-4C75-5F2687353002}.Release|Any CPU.Build.0 = Release|Any CPU
		{4E7609AB-B9FE-540B-D49B-49F94CEF4824}.Debug|Any CPU.ActiveCfg = Debug|Any CPU
		{4E7609AB-B9FE-540B-D49B-49F94CEF4824}.Debug|Any CPU.Build.0 = Debug|Any CPU
		{4E7609AB-B9FE-540B-D49B-49F94CEF4824}.Release|Any CPU.ActiveCfg = Release|Any CPU
		{4E7609AB-B9FE-540B-D49B-49F94CEF4824}.Release|Any CPU.Build.0 = Release|Any CPU
	EndGlobalSection
	GlobalSection(SolutionProperties) = preSolution
		HideSolutionNode = FALSE
	EndGlobalSection
	GlobalSection(MonoDevelopProperties) = preSolution
		StartupItem = Assembly-CSharp.csproj
	EndGlobalSection
EndGlobal
